{
  "nodes": {
    "aquamarine": {
      "inputs": {
        "hyprutils": [
          "hyprland",
          "hyprutils"
        ],
        "hyprwayland-scanner": [
          "hyprland",
          "hyprwayland-scanner"
        ],
        "nixpkgs": [
          "hyprland",
          "nixpkgs"
        ],
        "systems": [
          "hyprland",
          "systems"
        ]
      },
      "locked": {
        "lastModified": 1734906446,
        "narHash": "sha256-6OWluVE2A8xi+8V3jN9KA72RCgJjYdyyuLBUjxZ2q2U=",
        "owner": "hyprwm",
        "repo": "aquamarine",
        "rev": "eecb74dc79bb6752a2a507e6edee3042390a6091",
        "type": "github"
      },
      "original": {
        "owner": "hyprwm",
        "repo": "aquamarine",
        "type": "github"
      }
    },
    "cowfiles": {
      "flake": false,
      "locked": {
        "lastModified": 1637685835,
        "narHash": "sha256-fYjNpvn0yQqRxpxbkOcPRMeNbXCAKFxLhYdLJ0U7+7w=",
        "owner": "paulkaefer",
        "repo": "cowsay-files",
        "rev": "277057be8adefce94d3aac291bcbf719646c5da5",
        "type": "github"
      },
      "original": {
        "owner": "paulkaefer",
        "repo": "cowsay-files",
        "type": "github"
      }
    },
    "cowsay": {
      "inputs": {
        "cowfiles": "cowfiles",
        "nixpkgs": [
          "nixpkgs"
        ],
        "snowfall-lib": "snowfall-lib",
        "vhs": "vhs"
      },
      "locked": {
        "lastModified": 1702232134,
        "narHash": "sha256-H2E3I7XnufzWxtqBxzbaizr+9JaKw3BLN3ZCmKr801c=",
        "owner": "snowfallorg",
        "repo": "cowsay",
        "rev": "77461aa6579ecbaf9ce848cf917b88bafe63374b",
        "type": "github"
      },
      "original": {
        "owner": "snowfallorg",
        "repo": "cowsay",
        "type": "github"
      }
    },
    "devshell": {
      "inputs": {
        "nixpkgs": [
          "nixvim",
          "nixpkgs"
        ]
      },
      "locked": {
        "lastModified": 1735644329,
        "narHash": "sha256-tO3HrHriyLvipc4xr+Ewtdlo7wM1OjXNjlWRgmM7peY=",
        "owner": "numtide",
        "repo": "devshell",
        "rev": "f7795ede5b02664b57035b3b757876703e2c3eac",
        "type": "github"
      },
      "original": {
        "owner": "numtide",
        "repo": "devshell",
        "type": "github"
      }
    },
    "flake-compat": {
      "flake": false,
      "locked": {
        "lastModified": 1650374568,
        "narHash": "sha256-Z+s0J8/r907g149rllvwhb4pKi8Wam5ij0st8PwAh+E=",
        "owner": "edolstra",
        "repo": "flake-compat",
        "rev": "b4a34015c698c7793d592d66adbab377907a2be8",
        "type": "github"
      },
      "original": {
        "owner": "edolstra",
        "repo": "flake-compat",
        "type": "github"
      }
    },
    "flake-compat_2": {
      "flake": false,
      "locked": {
        "lastModified": 1650374568,
        "narHash": "sha256-Z+s0J8/r907g149rllvwhb4pKi8Wam5ij0st8PwAh+E=",
        "owner": "edolstra",
        "repo": "flake-compat",
        "rev": "b4a34015c698c7793d592d66adbab377907a2be8",
        "type": "github"
      },
      "original": {
        "owner": "edolstra",
        "repo": "flake-compat",
        "type": "github"
      }
    },
    "flake-compat_3": {
      "flake": false,
      "locked": {
        "lastModified": 1696426674,
        "narHash": "sha256-kvjfFW7WAETZlt09AgDn1MrtKzP7t90Vf7vypd3OL1U=",
        "owner": "edolstra",
        "repo": "flake-compat",
        "rev": "0f9255e01c2351cc7d116c072cb317785dd33b33",
        "type": "github"
      },
      "original": {
        "owner": "edolstra",
        "repo": "flake-compat",
        "type": "github"
      }
    },
    "flake-compat_4": {
      "flake": false,
      "locked": {
        "lastModified": 1673956053,
        "narHash": "sha256-4gtG9iQuiKITOjNQQeQIpoIB6b16fm+504Ch3sNKLd8=",
        "owner": "edolstra",
        "repo": "flake-compat",
        "rev": "35bb57c0c8d8b62bbfd284272c928ceb64ddbde9",
        "type": "github"
      },
      "original": {
        "owner": "edolstra",
        "repo": "flake-compat",
        "type": "github"
      }
    },
    "flake-compat_5": {
      "locked": {
        "lastModified": 1696426674,
        "narHash": "sha256-kvjfFW7WAETZlt09AgDn1MrtKzP7t90Vf7vypd3OL1U=",
        "rev": "0f9255e01c2351cc7d116c072cb317785dd33b33",
        "revCount": 57,
        "type": "tarball",
        "url": "https://api.flakehub.com/f/pinned/edolstra/flake-compat/1.0.1/018afb31-abd1-7bff-a5e4-cff7e18efb7a/source.tar.gz"
      },
      "original": {
        "type": "tarball",
        "url": "https://flakehub.com/f/edolstra/flake-compat/1.tar.gz"
      }
    },
    "flake-compat_6": {
      "locked": {
        "lastModified": 1733328505,
        "narHash": "sha256-NeCCThCEP3eCl2l/+27kNNK7QrwZB1IJCrXfrbv5oqU=",
        "rev": "ff81ac966bb2cae68946d5ed5fc4994f96d0ffec",
        "revCount": 69,
        "type": "tarball",
        "url": "https://api.flakehub.com/f/pinned/edolstra/flake-compat/1.1.0/01948eb7-9cba-704f-bbf3-3fa956735b52/source.tar.gz"
      },
      "original": {
        "type": "tarball",
        "url": "https://flakehub.com/f/edolstra/flake-compat/1.tar.gz"
      }
    },
    "flake-compat_7": {
      "flake": false,
      "locked": {
        "lastModified": 1733328505,
        "narHash": "sha256-NeCCThCEP3eCl2l/+27kNNK7QrwZB1IJCrXfrbv5oqU=",
        "owner": "edolstra",
        "repo": "flake-compat",
        "rev": "ff81ac966bb2cae68946d5ed5fc4994f96d0ffec",
        "type": "github"
      },
      "original": {
        "owner": "edolstra",
        "repo": "flake-compat",
        "type": "github"
      }
    },
    "flake-parts": {
      "inputs": {
        "nixpkgs-lib": [
          "nix-schema",
          "nixpkgs"
        ]
      },
      "locked": {
        "lastModified": 1712014858,
        "narHash": "sha256-sB4SWl2lX95bExY2gMFG5HIzvva5AVMJd4Igm+GpZNw=",
        "owner": "hercules-ci",
        "repo": "flake-parts",
        "rev": "9126214d0a59633752a136528f5f3b9aa8565b7d",
        "type": "github"
      },
      "original": {
        "owner": "hercules-ci",
        "repo": "flake-parts",
        "type": "github"
      }
    },
    "flake-parts_2": {
      "inputs": {
        "nixpkgs-lib": [
          "nixvim",
          "nixpkgs"
        ]
      },
      "locked": {
        "lastModified": 1736143030,
        "narHash": "sha256-+hu54pAoLDEZT9pjHlqL9DNzWz0NbUn8NEAHP7PQPzU=",
        "owner": "hercules-ci",
        "repo": "flake-parts",
        "rev": "b905f6fc23a9051a6e1b741e1438dbfc0634c6de",
        "type": "github"
      },
      "original": {
        "owner": "hercules-ci",
        "repo": "flake-parts",
        "type": "github"
      }
    },
    "flake-parts_3": {
      "inputs": {
        "nixpkgs-lib": [
          "nurpkgs",
          "nixpkgs"
        ]
      },
      "locked": {
        "lastModified": 1733312601,
        "narHash": "sha256-4pDvzqnegAfRkPwO3wmwBhVi/Sye1mzps0zHWYnP88c=",
        "owner": "hercules-ci",
        "repo": "flake-parts",
        "rev": "205b12d8b7cd4802fbcb8e8ef6a0f1408781a4f9",
        "type": "github"
      },
      "original": {
        "owner": "hercules-ci",
        "repo": "flake-parts",
        "type": "github"
      }
    },
    "flake-schemas": {
      "locked": {
        "lastModified": 1732736109,
        "narHash": "sha256-sDfSZI8EveU09O9O/oFkarm8V4ERX0G6pAy2NBk6aD8=",
        "owner": "DeterminateSystems",
        "repo": "flake-schemas",
        "rev": "acb99ce31a50f0ae93826a8ce15728db097e3cda",
        "type": "github"
      },
      "original": {
        "owner": "DeterminateSystems",
        "repo": "flake-schemas",
        "type": "github"
      }
    },
    "flake-utils": {
      "locked": {
        "lastModified": 1644229661,
        "narHash": "sha256-1YdnJAsNy69bpcjuoKdOYQX0YxZBiCYZo4Twxerqv7k=",
        "owner": "numtide",
        "repo": "flake-utils",
        "rev": "3cecb5b042f7f209c56ffd8371b2711a290ec797",
        "type": "github"
      },
      "original": {
        "owner": "numtide",
        "repo": "flake-utils",
        "type": "github"
      }
    },
    "flake-utils-plus": {
      "inputs": {
        "flake-utils": "flake-utils"
      },
      "locked": {
        "lastModified": 1657226504,
        "narHash": "sha256-GIYNjuq4mJlFgqKsZ+YrgzWm0IpA4axA3MCrdKYj7gs=",
        "owner": "gytis-ivaskevicius",
        "repo": "flake-utils-plus",
        "rev": "2bf0f91643c2e5ae38c1b26893ac2927ac9bd82a",
        "type": "github"
      },
      "original": {
        "owner": "gytis-ivaskevicius",
        "repo": "flake-utils-plus",
        "type": "github"
      }
    },
    "flake-utils-plus_2": {
      "inputs": {
        "flake-utils": "flake-utils_2"
      },
      "locked": {
        "lastModified": 1657226504,
        "narHash": "sha256-GIYNjuq4mJlFgqKsZ+YrgzWm0IpA4axA3MCrdKYj7gs=",
        "owner": "gytis-ivaskevicius",
        "repo": "flake-utils-plus",
        "rev": "2bf0f91643c2e5ae38c1b26893ac2927ac9bd82a",
        "type": "github"
      },
      "original": {
        "owner": "gytis-ivaskevicius",
        "repo": "flake-utils-plus",
        "type": "github"
      }
    },
    "flake-utils_2": {
      "locked": {
        "lastModified": 1644229661,
        "narHash": "sha256-1YdnJAsNy69bpcjuoKdOYQX0YxZBiCYZo4Twxerqv7k=",
        "owner": "numtide",
        "repo": "flake-utils",
        "rev": "3cecb5b042f7f209c56ffd8371b2711a290ec797",
        "type": "github"
      },
      "original": {
        "owner": "numtide",
        "repo": "flake-utils",
        "type": "github"
      }
    },
    "flake-utils_3": {
      "inputs": {
        "systems": "systems"
      },
      "locked": {
        "lastModified": 1710146030,
        "narHash": "sha256-SZ5L6eA7HJ/nmkzGG7/ISclqe6oZdOZTNoesiInkXPQ=",
        "owner": "numtide",
        "repo": "flake-utils",
        "rev": "b1d9ab70662946ef0850d488da1c9019f3a9752a",
        "type": "github"
      },
      "original": {
        "owner": "numtide",
        "repo": "flake-utils",
        "type": "github"
      }
    },
    "flake-utils_4": {
      "locked": {
        "lastModified": 1667395993,
        "narHash": "sha256-nuEHfE/LcWyuSWnS8t12N1wc105Qtau+/OdUAjtQ0rA=",
        "owner": "numtide",
        "repo": "flake-utils",
        "rev": "5aed5285a952e0b949eb3ba02c12fa4fcfef535f",
        "type": "github"
      },
      "original": {
        "owner": "numtide",
        "repo": "flake-utils",
        "type": "github"
      }
    },
    "flake-utils_5": {
      "inputs": {
        "systems": "systems_3"
      },
      "locked": {
        "lastModified": 1710146030,
        "narHash": "sha256-SZ5L6eA7HJ/nmkzGG7/ISclqe6oZdOZTNoesiInkXPQ=",
        "owner": "numtide",
        "repo": "flake-utils",
        "rev": "b1d9ab70662946ef0850d488da1c9019f3a9752a",
        "type": "github"
      },
      "original": {
        "owner": "numtide",
        "repo": "flake-utils",
        "type": "github"
      }
    },
    "flake-utils_6": {
      "inputs": {
        "systems": "systems_4"
      },
      "locked": {
        "lastModified": 1731533236,
        "narHash": "sha256-l0KFg5HjrsfsO/JpG+r7fRrqm12kzFHyUHqHCVpMMbI=",
        "owner": "numtide",
        "repo": "flake-utils",
        "rev": "11707dc2f618dd54ca8739b309ec4fc024de578b",
        "type": "github"
      },
      "original": {
        "owner": "numtide",
        "repo": "flake-utils",
        "type": "github"
      }
    },
    "flake-utils_7": {
      "locked": {
        "lastModified": 1629284811,
        "narHash": "sha256-JHgasjPR0/J1J3DRm4KxM4zTyAj4IOJY8vIl75v/kPI=",
        "owner": "numtide",
        "repo": "flake-utils",
        "rev": "c5d161cc0af116a2e17f54316f0bf43f0819785c",
        "type": "github"
      },
      "original": {
        "owner": "numtide",
        "repo": "flake-utils",
        "type": "github"
      }
    },
    "gh-md-toc": {
      "flake": false,
      "locked": {
        "lastModified": 1728761459,
        "narHash": "sha256-M9CzR3tmKAFDk6M1hX7l2P7+Eulkvcqv4TfYTJvFkVo=",
        "owner": "ekalinin",
        "repo": "github-markdown-toc",
        "rev": "c386c7b41956158867d7b8b5c6620a2ce6fbe939",
        "type": "github"
      },
      "original": {
        "owner": "ekalinin",
        "repo": "github-markdown-toc",
        "type": "github"
      }
    },
    "git-hooks": {
      "inputs": {
        "flake-compat": [
          "nixvim",
          "flake-compat"
        ],
        "gitignore": "gitignore_2",
        "nixpkgs": [
          "nixvim",
          "nixpkgs"
        ]
      },
      "locked": {
        "lastModified": 1737465171,
        "narHash": "sha256-R10v2hoJRLq8jcL4syVFag7nIGE7m13qO48wRIukWNg=",
        "owner": "cachix",
        "repo": "git-hooks.nix",
        "rev": "9364dc02281ce2d37a1f55b6e51f7c0f65a75f17",
        "type": "github"
      },
      "original": {
        "owner": "cachix",
        "repo": "git-hooks.nix",
        "type": "github"
      }
    },
    "gitignore": {
      "inputs": {
        "nixpkgs": [
          "hyprland",
          "pre-commit-hooks",
          "nixpkgs"
        ]
      },
      "locked": {
        "lastModified": 1709087332,
        "narHash": "sha256-HG2cCnktfHsKV0s4XW83gU3F57gaTljL9KNSuG6bnQs=",
        "owner": "hercules-ci",
        "repo": "gitignore.nix",
        "rev": "637db329424fd7e46cf4185293b9cc8c88c95394",
        "type": "github"
      },
      "original": {
        "owner": "hercules-ci",
        "repo": "gitignore.nix",
        "type": "github"
      }
    },
    "gitignore_2": {
      "inputs": {
        "nixpkgs": [
          "nixvim",
          "git-hooks",
          "nixpkgs"
        ]
      },
      "locked": {
        "lastModified": 1709087332,
        "narHash": "sha256-HG2cCnktfHsKV0s4XW83gU3F57gaTljL9KNSuG6bnQs=",
        "owner": "hercules-ci",
        "repo": "gitignore.nix",
        "rev": "637db329424fd7e46cf4185293b9cc8c88c95394",
        "type": "github"
      },
      "original": {
        "owner": "hercules-ci",
        "repo": "gitignore.nix",
        "type": "github"
      }
    },
    "home-manager": {
      "inputs": {
        "nixpkgs": [
          "nixpkgs"
        ]
      },
      "locked": {
        "lastModified": 1735774425,
        "narHash": "sha256-C73gLFnEh8ZI0uDijUgCDWCd21T6I6tsaWgIBHcfAXg=",
        "owner": "nix-community",
        "repo": "home-manager",
        "rev": "5f6aa268e419d053c3d5025da740e390b12ac936",
        "type": "github"
      },
      "original": {
        "owner": "nix-community",
        "repo": "home-manager",
        "type": "github"
      }
    },
    "home-manager_2": {
      "inputs": {
        "nixpkgs": [
          "nixvim",
          "nixpkgs"
        ]
      },
      "locked": {
        "lastModified": 1737762889,
        "narHash": "sha256-5HGG09bh/Yx0JA8wtBMAzt0HMCL1bYZ93x4IqzVExio=",
        "owner": "nix-community",
        "repo": "home-manager",
        "rev": "daf04c5950b676f47a794300657f1d3d14c1a120",
        "type": "github"
      },
      "original": {
        "owner": "nix-community",
        "repo": "home-manager",
        "type": "github"
      }
    },
    "hypr-binds-flake": {
      "inputs": {
        "flake-utils": "flake-utils_3",
        "nixpkgs": [
          "nixpkgs"
        ]
      },
      "locked": {
        "lastModified": 1726762813,
        "narHash": "sha256-CoLuG+2QNvpLaVYPiwzUE/A1OnwFcGo3x2huoH2gH00=",
        "owner": "gvolpe",
        "repo": "hypr-binds",
        "rev": "820a59f784da13b3ffb47ba2ee2b9b72e529c001",
        "type": "github"
      },
      "original": {
        "owner": "gvolpe",
        "repo": "hypr-binds",
        "type": "github"
      }
    },
    "hyprcursor": {
      "inputs": {
        "hyprlang": [
          "hyprland",
          "hyprlang"
        ],
        "nixpkgs": [
          "hyprland",
          "nixpkgs"
        ],
        "systems": [
          "hyprland",
          "systems"
        ]
      },
      "locked": {
        "lastModified": 1734906540,
        "narHash": "sha256-vQ/L9hZFezC0LquLo4TWXkyniWtYBlFHAKIsDc7PYJE=",
        "owner": "hyprwm",
        "repo": "hyprcursor",
        "rev": "69270ba8f057d55b0e6c2dca0e165d652856e613",
        "type": "github"
      },
      "original": {
        "owner": "hyprwm",
        "repo": "hyprcursor",
        "type": "github"
      }
    },
    "hyprgraphics": {
      "inputs": {
        "hyprutils": [
          "hyprland",
          "hyprutils"
        ],
        "nixpkgs": [
          "hyprland",
          "nixpkgs"
        ],
        "systems": [
          "hyprland",
          "systems"
        ]
      },
      "locked": {
        "lastModified": 1734906236,
        "narHash": "sha256-vH/ysV2ONGQgYZPtcJKwc8jJivzyVxru2aaOxC20ZOE=",
        "owner": "hyprwm",
        "repo": "hyprgraphics",
        "rev": "6dea3fba08fd704dd624b6d4b261638fb4003c9c",
        "type": "github"
      },
      "original": {
        "owner": "hyprwm",
        "repo": "hyprgraphics",
        "type": "github"
      }
    },
    "hyprland": {
      "inputs": {
        "aquamarine": "aquamarine",
        "hyprcursor": "hyprcursor",
        "hyprgraphics": "hyprgraphics",
        "hyprland-protocols": "hyprland-protocols",
        "hyprland-qtutils": "hyprland-qtutils",
        "hyprlang": "hyprlang",
        "hyprutils": "hyprutils",
        "hyprwayland-scanner": "hyprwayland-scanner",
        "nixpkgs": "nixpkgs",
        "pre-commit-hooks": "pre-commit-hooks",
        "systems": "systems_2",
        "xdph": "xdph"
      },
      "locked": {
        "lastModified": 1735838950,
        "narHash": "sha256-zNb6bch2hJpkrcrXMElEE4OfEfvs8G9Hfcn4cp+fYSA=",
        "ref": "main",
        "rev": "4971725b69768d156047289b7606e470c6963f59",
        "revCount": 5620,
        "submodules": true,
        "type": "git",
        "url": "https://github.com/hyprwm/Hyprland"
      },
      "original": {
        "ref": "main",
        "submodules": true,
        "type": "git",
        "url": "https://github.com/hyprwm/Hyprland"
      }
    },
    "hyprland-plugins": {
      "inputs": {
        "hyprland": [
          "hyprland"
        ],
        "nixpkgs": [
          "hyprland-plugins",
          "hyprland",
          "nixpkgs"
        ],
        "systems": [
          "hyprland-plugins",
          "hyprland",
          "systems"
        ]
      },
      "locked": {
        "lastModified": 1735838245,
        "narHash": "sha256-dA2s+KFo6+TmYtQoXWfxQ8XukN6JQ0I0VoraG9zD7/I=",
        "owner": "hyprwm",
        "repo": "hyprland-plugins",
        "rev": "920af33577a889772e96a067130252df5674ca8a",
        "type": "github"
      },
      "original": {
        "owner": "hyprwm",
        "repo": "hyprland-plugins",
        "type": "github"
      }
    },
    "hyprland-protocols": {
      "inputs": {
        "nixpkgs": [
          "hyprland",
          "nixpkgs"
        ],
        "systems": [
          "hyprland",
          "systems"
        ]
      },
      "locked": {
        "lastModified": 1735734474,
        "narHash": "sha256-9OV4lOqrEJVLdOrpNN/9msNwAhI6FQTu4N7fufilG08=",
        "owner": "hyprwm",
        "repo": "hyprland-protocols",
        "rev": "271df559dd30e4bc5ec6af02d017ac0aaabd63a7",
        "type": "github"
      },
      "original": {
        "owner": "hyprwm",
        "repo": "hyprland-protocols",
        "type": "github"
      }
    },
    "hyprland-qtutils": {
      "inputs": {
        "hyprutils": [
          "hyprland",
          "hyprutils"
        ],
        "nixpkgs": [
          "hyprland",
          "nixpkgs"
        ],
        "systems": [
          "hyprland",
          "systems"
        ]
      },
      "locked": {
        "lastModified": 1734906472,
        "narHash": "sha256-pWPRv/GA/X/iAwoE6gMNUqn/ZeJX1IeLPRpZI0tTPK0=",
        "owner": "hyprwm",
        "repo": "hyprland-qtutils",
        "rev": "c77109d7e1ddbcdb87cafd32ce411f76328ae152",
        "type": "github"
      },
      "original": {
        "owner": "hyprwm",
        "repo": "hyprland-qtutils",
        "type": "github"
      }
    },
    "hyprlang": {
      "inputs": {
        "hyprutils": [
          "hyprland",
          "hyprutils"
        ],
        "nixpkgs": [
          "hyprland",
          "nixpkgs"
        ],
        "systems": [
          "hyprland",
          "systems"
        ]
      },
      "locked": {
        "lastModified": 1734906259,
        "narHash": "sha256-P79t/7HbACO4/PuJBroGpTptvCWJtXTv+gWsF+sM6MI=",
        "owner": "hyprwm",
        "repo": "hyprlang",
        "rev": "0404833ea18d543df44df935ebf1b497310eb046",
        "type": "github"
      },
      "original": {
        "owner": "hyprwm",
        "repo": "hyprlang",
        "type": "github"
      }
    },
    "hyprutils": {
      "inputs": {
        "nixpkgs": [
          "hyprland",
          "nixpkgs"
        ],
        "systems": [
          "hyprland",
          "systems"
        ]
      },
      "locked": {
        "lastModified": 1735316583,
        "narHash": "sha256-AiiUwHWHfEdpFzXy7l1x3zInCUa1xcRMrbZ1XRSkzwU=",
        "owner": "hyprwm",
        "repo": "hyprutils",
        "rev": "8f15d45b120b33712f6db477fe5ffb18034d0ea8",
        "type": "github"
      },
      "original": {
        "owner": "hyprwm",
        "repo": "hyprutils",
        "type": "github"
      }
    },
    "hyprwayland-scanner": {
      "inputs": {
        "nixpkgs": [
          "hyprland",
          "nixpkgs"
        ],
        "systems": [
          "hyprland",
          "systems"
        ]
      },
      "locked": {
        "lastModified": 1734793513,
        "narHash": "sha256-rrrHcXapXJvGFqX+L/Bb0182L25jofAZ0fm1FInvrTQ=",
        "owner": "hyprwm",
        "repo": "hyprwayland-scanner",
        "rev": "4d7367b6eee87397e2dbca2e78078dd0a4ef4c61",
        "type": "github"
      },
      "original": {
        "owner": "hyprwm",
        "repo": "hyprwayland-scanner",
        "type": "github"
      }
    },
    "ixx": {
      "inputs": {
        "flake-utils": [
          "nixvim",
          "nuschtosSearch",
          "flake-utils"
        ],
        "nixpkgs": [
          "nixvim",
          "nuschtosSearch",
          "nixpkgs"
        ]
      },
      "locked": {
        "lastModified": 1729958008,
        "narHash": "sha256-EiOq8jF4Z/zQe0QYVc3+qSKxRK//CFHMB84aYrYGwEs=",
        "owner": "NuschtOS",
        "repo": "ixx",
        "rev": "9fd01aad037f345350eab2cd45e1946cc66da4eb",
        "type": "github"
      },
      "original": {
        "owner": "NuschtOS",
        "ref": "v0.0.6",
        "repo": "ixx",
        "type": "github"
      }
    },
    "libgit2": {
      "flake": false,
      "locked": {
        "lastModified": 1697646580,
        "narHash": "sha256-oX4Z3S9WtJlwvj0uH9HlYcWv+x1hqp8mhXl7HsLu2f0=",
        "owner": "libgit2",
        "repo": "libgit2",
        "rev": "45fd9ed7ae1a9b74b957ef4f337bc3c8b3df01b5",
        "type": "github"
      },
      "original": {
        "owner": "libgit2",
        "repo": "libgit2",
        "type": "github"
      }
    },
    "nix-darwin": {
      "inputs": {
        "nixpkgs": [
          "nixvim",
          "nixpkgs"
        ]
      },
      "locked": {
        "lastModified": 1737504076,
        "narHash": "sha256-/B4XJnzYU/6K1ZZOBIgsa3K4pqDJrnC2579c44c+4rI=",
        "owner": "lnl7",
        "repo": "nix-darwin",
        "rev": "65cc1fa8e36ceff067daf6cfb142331f02f524d3",
        "type": "github"
      },
      "original": {
        "owner": "lnl7",
        "repo": "nix-darwin",
        "type": "github"
      }
    },
    "nix-filter": {
      "locked": {
        "lastModified": 1693833173,
        "narHash": "sha256-hlMABKrGbEiJD5dwUSfnw1CQ3bG7KKwDV+Nx3bEZd7U=",
        "owner": "numtide",
        "repo": "nix-filter",
        "rev": "ac030bd9ba98e318e1f4c4328d60766ade8ebe8b",
        "type": "github"
      },
      "original": {
        "owner": "numtide",
        "repo": "nix-filter",
        "type": "github"
      }
    },
    "nix-schema": {
      "inputs": {
        "flake-compat": "flake-compat_4",
        "flake-parts": "flake-parts",
        "flake-schemas": [
          "flake-schemas"
        ],
        "libgit2": "libgit2",
        "nixpkgs": "nixpkgs_2",
        "nixpkgs-23-11": "nixpkgs-23-11",
        "nixpkgs-regression": "nixpkgs-regression",
        "pre-commit-hooks": "pre-commit-hooks_2"
      },
      "locked": {
        "lastModified": 1720793694,
        "narHash": "sha256-LcCwNsd1v5HjOlNPxtQHjosomwaktcLUjGDuYlapyLE=",
        "owner": "DeterminateSystems",
        "repo": "nix-src",
        "rev": "e1ed2d111bd21724f28ebb80aedd5154d4979fa9",
        "type": "github"
      },
      "original": {
        "owner": "DeterminateSystems",
        "ref": "flake-schemas",
        "repo": "nix-src",
        "type": "github"
      }
    },
    "nix-search": {
      "inputs": {
        "flake-compat": "flake-compat_5",
        "flake-utils": "flake-utils_5",
        "nixpkgs": [
          "nixpkgs"
        ]
      },
      "locked": {
        "lastModified": 1730410509,
        "narHash": "sha256-dOdcXKfSwi0THOjtgP3O/46SWoUY+T7LL9nGwOXXJfw=",
        "owner": "diamondburned",
        "repo": "nix-search",
        "rev": "868420cf077bc542f42db3e51b3bd87f3397d5d7",
        "type": "github"
      },
      "original": {
        "owner": "diamondburned",
        "repo": "nix-search",
        "type": "github"
      }
    },
    "nixpkgs": {
      "locked": {
        "lastModified": 1735291276,
        "narHash": "sha256-NYVcA06+blsLG6wpAbSPTCyLvxD/92Hy4vlY9WxFI1M=",
        "owner": "NixOS",
        "repo": "nixpkgs",
        "rev": "634fd46801442d760e09493a794c4f15db2d0cbb",
        "type": "github"
      },
      "original": {
        "owner": "NixOS",
        "ref": "nixos-unstable",
        "repo": "nixpkgs",
        "type": "github"
      }
    },
    "nixpkgs-23-11": {
      "locked": {
        "lastModified": 1717159533,
        "narHash": "sha256-oamiKNfr2MS6yH64rUn99mIZjc45nGJlj9eGth/3Xuw=",
        "owner": "NixOS",
        "repo": "nixpkgs",
        "rev": "a62e6edd6d5e1fa0329b8653c801147986f8d446",
        "type": "github"
      },
      "original": {
        "owner": "NixOS",
        "repo": "nixpkgs",
        "rev": "a62e6edd6d5e1fa0329b8653c801147986f8d446",
        "type": "github"
      }
    },
    "nixpkgs-mega": {
      "locked": {
        "lastModified": 1712537012,
        "narHash": "sha256-wxE202jTy7K7TzU+6x2oVPn09nxBjQLzKL0IHBs2r0E=",
        "owner": "NixOS",
        "repo": "nixpkgs",
        "rev": "c3160517fc6381f86776795e95c97b8ef7b5d2e4",
        "type": "github"
      },
      "original": {
        "id": "nixpkgs",
        "rev": "c3160517fc6381f86776795e95c97b8ef7b5d2e4",
        "type": "indirect"
      }
    },
    "nixpkgs-regression": {
      "locked": {
        "lastModified": 1643052045,
        "narHash": "sha256-uGJ0VXIhWKGXxkeNnq4TvV3CIOkUJ3PAoLZ3HMzNVMw=",
        "owner": "NixOS",
        "repo": "nixpkgs",
        "rev": "215d4d0fd80ca5163643b03a33fde804a29cc1e2",
        "type": "github"
      },
      "original": {
        "owner": "NixOS",
        "repo": "nixpkgs",
        "rev": "215d4d0fd80ca5163643b03a33fde804a29cc1e2",
        "type": "github"
      }
    },
    "nixpkgs-stable": {
      "locked": {
        "lastModified": 1730741070,
        "narHash": "sha256-edm8WG19kWozJ/GqyYx2VjW99EdhjKwbY3ZwdlPAAlo=",
        "owner": "NixOS",
        "repo": "nixpkgs",
        "rev": "d063c1dd113c91ab27959ba540c0d9753409edf3",
        "type": "github"
      },
      "original": {
        "owner": "NixOS",
        "ref": "nixos-24.05",
        "repo": "nixpkgs",
        "type": "github"
      }
    },
    "nixpkgs_2": {
      "locked": {
        "lastModified": 1717432640,
        "narHash": "sha256-+f9c4/ZX5MWDOuB1rKoWj+lBNm0z0rs4CK47HBLxy1o=",
        "owner": "NixOS",
        "repo": "nixpkgs",
        "rev": "88269ab3044128b7c2f4c7d68448b2fb50456870",
        "type": "github"
      },
      "original": {
        "owner": "NixOS",
        "ref": "release-24.05",
        "repo": "nixpkgs",
        "type": "github"
      }
    },
    "nixpkgs_3": {
      "locked": {
        "lastModified": 1735471104,
        "narHash": "sha256-0q9NGQySwDQc7RhAV2ukfnu7Gxa5/ybJ2ANT8DQrQrs=",
        "owner": "NixOS",
        "repo": "nixpkgs",
        "rev": "88195a94f390381c6afcdaa933c2f6ff93959cb4",
        "type": "github"
      },
      "original": {
        "id": "nixpkgs",
        "ref": "nixos-unstable",
        "type": "indirect"
      }
    },
    "nixpkgs_4": {
      "locked": {
        "lastModified": 1735471104,
        "narHash": "sha256-0q9NGQySwDQc7RhAV2ukfnu7Gxa5/ybJ2ANT8DQrQrs=",
        "owner": "nixos",
        "repo": "nixpkgs",
        "rev": "88195a94f390381c6afcdaa933c2f6ff93959cb4",
        "type": "github"
      },
      "original": {
        "owner": "nixos",
        "ref": "nixos-unstable",
        "repo": "nixpkgs",
        "type": "github"
      }
    },
    "nixpkgs_5": {
      "locked": {
        "lastModified": 1731763621,
        "narHash": "sha256-ddcX4lQL0X05AYkrkV2LMFgGdRvgap7Ho8kgon3iWZk=",
        "owner": "NixOS",
        "repo": "nixpkgs",
        "rev": "c69a9bffbecde46b4b939465422ddc59493d3e4d",
        "type": "github"
      },
      "original": {
        "owner": "NixOS",
        "ref": "nixpkgs-unstable",
        "repo": "nixpkgs",
        "type": "github"
      }
    },
    "nixpkgs_6": {
      "locked": {
        "lastModified": 1728492678,
        "narHash": "sha256-9UTxR8eukdg+XZeHgxW5hQA9fIKHsKCdOIUycTryeVw=",
        "owner": "nixos",
        "repo": "nixpkgs",
        "rev": "5633bcff0c6162b9e4b5f1264264611e950c8ec7",
        "type": "github"
      },
      "original": {
        "owner": "nixos",
        "ref": "nixos-unstable",
        "repo": "nixpkgs",
        "type": "github"
      }
    },
    "nixvim": {
      "inputs": {
        "devshell": "devshell",
        "flake-compat": "flake-compat_6",
        "flake-parts": "flake-parts_2",
        "git-hooks": "git-hooks",
        "home-manager": "home-manager_2",
        "nix-darwin": "nix-darwin",
        "nixpkgs": [
          "nixpkgs"
        ],
        "nuschtosSearch": "nuschtosSearch",
        "treefmt-nix": "treefmt-nix"
      },
      "locked": {
        "lastModified": 1737832569,
        "narHash": "sha256-VkK73VRVgvSQOPw9qx9HzvbulvUM9Ae4nNd3xNP+pkI=",
        "owner": "nix-community",
        "repo": "nixvim",
        "rev": "d7df58321110d3b0e12a829bbd110db31ccd34b1",
        "type": "github"
      },
      "original": {
        "owner": "nix-community",
        "repo": "nixvim",
        "type": "github"
      }
    },
    "nur": {
      "locked": {
        "lastModified": 1729125404,
        "narHash": "sha256-2ZtXYNBPi9Ejeb2Heqh+yFTBcstapvtna8Vyl/ugb7w=",
        "owner": "nix-community",
        "repo": "NUR",
        "rev": "7aafd5f0d772efbd2e611c132cc290c3508fe049",
        "type": "github"
      },
      "original": {
        "owner": "nix-community",
        "repo": "NUR",
        "type": "github"
      }
    },
    "nurpkgs": {
      "inputs": {
        "flake-parts": "flake-parts_3",
        "nixpkgs": "nixpkgs_4",
        "treefmt-nix": "treefmt-nix_2"
      },
      "locked": {
        "lastModified": 1735836242,
        "narHash": "sha256-gZiAYcn79dG+tgUrFQ/zNiFPF2n1MjsqJGDR84IbOkY=",
        "owner": "nix-community",
        "repo": "NUR",
        "rev": "57f5dd4e9c98f10e6a5a3f963fcb3848a16fc71f",
        "type": "github"
      },
      "original": {
        "owner": "nix-community",
        "repo": "NUR",
        "type": "github"
      }
    },
    "nuschtosSearch": {
      "inputs": {
        "flake-utils": "flake-utils_6",
        "ixx": "ixx",
        "nixpkgs": [
          "nixvim",
          "nixpkgs"
        ]
      },
      "locked": {
        "lastModified": 1737372689,
        "narHash": "sha256-nH3zK2ki0fd5o5qvbGHxukE4qnOLJa1uCzoDObG5vrE=",
        "owner": "NuschtOS",
        "repo": "search",
        "rev": "570cc17bbc25650eb7d69e4fcda8cfd2f1656922",
        "type": "github"
      },
      "original": {
        "owner": "NuschtOS",
        "repo": "search",
        "type": "github"
      }
    },
    "pre-commit-hooks": {
      "inputs": {
        "flake-compat": "flake-compat_3",
        "gitignore": "gitignore",
        "nixpkgs": [
          "hyprland",
          "nixpkgs"
        ],
        "nixpkgs-stable": "nixpkgs-stable"
      },
      "locked": {
        "lastModified": 1734797603,
        "narHash": "sha256-ulZN7ps8nBV31SE+dwkDvKIzvN6hroRY8sYOT0w+E28=",
        "owner": "cachix",
        "repo": "git-hooks.nix",
        "rev": "f0f0dc4920a903c3e08f5bdb9246bb572fcae498",
        "type": "github"
      },
      "original": {
        "owner": "cachix",
        "repo": "git-hooks.nix",
        "type": "github"
      }
    },
    "pre-commit-hooks_2": {
      "inputs": {
        "flake-compat": [
          "nix-schema"
        ],
        "flake-utils": "flake-utils_4",
        "gitignore": [
          "nix-schema"
        ],
        "nixpkgs": [
          "nix-schema",
          "nixpkgs"
        ],
        "nixpkgs-stable": [
          "nix-schema",
          "nixpkgs"
        ]
      },
      "locked": {
        "lastModified": 1712897695,
        "narHash": "sha256-nMirxrGteNAl9sWiOhoN5tIHyjBbVi5e2tgZUgZlK3Y=",
        "owner": "cachix",
        "repo": "pre-commit-hooks.nix",
        "rev": "40e6053ecb65fcbf12863338a6dcefb3f55f1bf8",
        "type": "github"
      },
      "original": {
        "owner": "cachix",
        "repo": "pre-commit-hooks.nix",
        "type": "github"
      }
    },
    "root": {
      "inputs": {
        "cowsay": "cowsay",
        "flake-schemas": "flake-schemas",
        "gh-md-toc": "gh-md-toc",
        "home-manager": "home-manager",
        "hypr-binds-flake": "hypr-binds-flake",
        "hyprland": "hyprland",
        "hyprland-plugins": "hyprland-plugins",
        "nix-schema": "nix-schema",
        "nix-search": "nix-search",
        "nixpkgs": "nixpkgs_3",
        "nixpkgs-mega": "nixpkgs-mega",
        "nixvim": "nixvim",
        "nurpkgs": "nurpkgs",
        "rust-overlay": "rust-overlay",
        "rycee-nurpkgs": "rycee-nurpkgs",
        "sops-nix": "sops-nix",
        "spicetify-nix": "spicetify-nix",
        "split-monitor-workspaces": "split-monitor-workspaces",
        "textfox": "textfox"
      }
    },
    "rust-overlay": {
      "inputs": {
        "nixpkgs": [
          "nixpkgs"
        ]
      },
      "locked": {
        "lastModified": 1735784864,
        "narHash": "sha256-tIl5p3ueaPw7T5T1UXkLc8ISMk6Y8CI/D/rd0msf73I=",
        "owner": "oxalica",
        "repo": "rust-overlay",
        "rev": "04d5f1836721461b256ec452883362c5edc5288e",
        "type": "github"
      },
      "original": {
        "owner": "oxalica",
        "repo": "rust-overlay",
        "type": "github"
      }
    },
    "rycee-nurpkgs": {
      "inputs": {
        "flake-utils": "flake-utils_7",
        "nixpkgs": [
          "nixpkgs"
        ]
      },
      "locked": {
        "dir": "pkgs/firefox-addons",
        "lastModified": 1735790613,
        "narHash": "sha256-xH79ynL9yRIgcaotoTfjeAyhkPJQDTe2pb4/iTqOfM0=",
        "owner": "rycee",
        "repo": "nur-expressions",
        "rev": "914251401c955eac60c1f59b5ae729bc91d71bd9",
        "type": "gitlab"
      },
      "original": {
        "dir": "pkgs/firefox-addons",
        "owner": "rycee",
        "repo": "nur-expressions",
        "type": "gitlab"
      }
    },
    "snowfall-lib": {
      "inputs": {
        "flake-compat": "flake-compat",
        "flake-utils-plus": "flake-utils-plus",
        "nixpkgs": [
          "cowsay",
          "nixpkgs"
        ]
      },
      "locked": {
        "lastModified": 1696432959,
        "narHash": "sha256-oJQZv2MYyJaVyVJY5IeevzqpGvMGKu5pZcCCJvb+xjc=",
        "owner": "snowfallorg",
        "repo": "lib",
        "rev": "92803a029b5314d4436a8d9311d8707b71d9f0b6",
        "type": "github"
      },
      "original": {
        "owner": "snowfallorg",
        "ref": "v2.1.1",
        "repo": "lib",
        "type": "github"
      }
    },
    "snowfall-lib_2": {
      "inputs": {
        "flake-compat": "flake-compat_2",
        "flake-utils-plus": "flake-utils-plus_2",
        "nixpkgs": [
          "cowsay",
          "vhs",
          "nixpkgs"
        ]
      },
      "locked": {
        "lastModified": 1667153928,
        "narHash": "sha256-SbXxxrxWzumig4ytez86B9FFkd9zH/qj+SSiMUwY8bI=",
        "owner": "snowfallorg",
        "repo": "lib",
        "rev": "1ffe7109a0aade9df745432e1f5788cf67a05a3e",
        "type": "github"
      },
      "original": {
        "owner": "snowfallorg",
        "repo": "lib",
        "type": "github"
      }
    },
    "sops-nix": {
      "inputs": {
        "nixpkgs": "nixpkgs_5"
      },
      "locked": {
        "lastModified": 1735468296,
        "narHash": "sha256-ZjUjbvS06jf4fElOF4ve8EHjbpbRVHHypStoY8HGzk8=",
        "owner": "Mic92",
        "repo": "sops-nix",
        "rev": "bcb8b65aa596866eb7e5c3e1a6cccbf5d1560b27",
        "type": "github"
      },
      "original": {
        "owner": "Mic92",
        "repo": "sops-nix",
        "type": "github"
      }
    },
    "spicetify-nix": {
      "inputs": {
        "flake-compat": "flake-compat_7",
        "nixpkgs": [
          "nixpkgs"
        ]
      },
      "locked": {
        "lastModified": 1735827474,
        "narHash": "sha256-s8fDRn99iDIf5olFuIXlw6BDUjdBj4sk9uqPWD4pDdU=",
        "owner": "Gerg-L",
        "repo": "spicetify-nix",
        "rev": "c0db9c52e158f3b3dedb08e77f3c87aecac3d2c3",
        "type": "github"
      },
      "original": {
        "owner": "Gerg-L",
        "repo": "spicetify-nix",
        "type": "github"
      }
    },
    "split-monitor-workspaces": {
      "inputs": {
        "hyprland": [
          "hyprland"
        ],
        "nix-filter": "nix-filter"
      },
      "locked": {
        "lastModified": 1734644214,
        "narHash": "sha256-alZJZJn5cmxNGtKZcsKzOnnTtYpcvZjqSZ48Ep7ST5Q=",
        "owner": "Duckonaut",
        "repo": "split-monitor-workspaces",
        "rev": "88dffb38b01c712f80fe431f73859cd2210e718d",
        "type": "github"
      },
      "original": {
        "owner": "Duckonaut",
        "repo": "split-monitor-workspaces",
        "type": "github"
      }
    },
    "systems": {
      "locked": {
        "lastModified": 1681028828,
        "narHash": "sha256-Vy1rq5AaRuLzOxct8nz4T6wlgyUR7zLU309k9mBC768=",
        "owner": "nix-systems",
        "repo": "default",
        "rev": "da67096a3b9bf56a91d16901293e51ba5b49a27e",
        "type": "github"
      },
      "original": {
        "owner": "nix-systems",
        "repo": "default",
        "type": "github"
      }
    },
    "systems_2": {
      "locked": {
        "lastModified": 1689347949,
        "narHash": "sha256-12tWmuL2zgBgZkdoB6qXZsgJEH9LR3oUgpaQq2RbI80=",
        "owner": "nix-systems",
        "repo": "default-linux",
        "rev": "31732fcf5e8fea42e59c2488ad31a0e651500f68",
        "type": "github"
      },
      "original": {
        "owner": "nix-systems",
        "repo": "default-linux",
        "type": "github"
      }
    },
    "systems_3": {
      "locked": {
        "lastModified": 1681028828,
        "narHash": "sha256-Vy1rq5AaRuLzOxct8nz4T6wlgyUR7zLU309k9mBC768=",
        "owner": "nix-systems",
        "repo": "default",
        "rev": "da67096a3b9bf56a91d16901293e51ba5b49a27e",
        "type": "github"
      },
      "original": {
        "owner": "nix-systems",
        "repo": "default",
        "type": "github"
      }
    },
    "systems_4": {
      "locked": {
        "lastModified": 1681028828,
        "narHash": "sha256-Vy1rq5AaRuLzOxct8nz4T6wlgyUR7zLU309k9mBC768=",
        "owner": "nix-systems",
        "repo": "default",
        "rev": "da67096a3b9bf56a91d16901293e51ba5b49a27e",
        "type": "github"
      },
      "original": {
        "owner": "nix-systems",
        "repo": "default",
        "type": "github"
      }
    },
    "textfox": {
      "inputs": {
        "nixpkgs": "nixpkgs_6",
        "nur": "nur"
      },
      "locked": {
        "lastModified": 1736378055,
        "narHash": "sha256-twtTxdcWdcSc+bVaulZdWAv+vk5EkqUzH80PhTAJryk=",
        "owner": "romek-codes",
        "repo": "textfox",
        "rev": "bf3c73613802702abd0a84d11fe875f821c0e64a",
        "type": "github"
      },
      "original": {
        "owner": "romek-codes",
        "repo": "textfox",
        "type": "github"
      }
    },
    "treefmt-nix": {
      "inputs": {
        "nixpkgs": [
          "nixvim",
          "nixpkgs"
        ]
      },
      "locked": {
        "lastModified": 1737483750,
        "narHash": "sha256-5An1wq5U8sNycOBBg3nsDDgpwBmR9liOpDGlhliA6Xo=",
        "owner": "numtide",
        "repo": "treefmt-nix",
        "rev": "f2cc121df15418d028a59c9737d38e3a90fbaf8f",
        "type": "github"
      },
      "original": {
        "owner": "numtide",
        "repo": "treefmt-nix",
        "type": "github"
      }
    },
    "treefmt-nix_2": {
      "inputs": {
        "nixpkgs": [
          "nurpkgs",
          "nixpkgs"
        ]
      },
      "locked": {
        "lastModified": 1733222881,
        "narHash": "sha256-JIPcz1PrpXUCbaccEnrcUS8jjEb/1vJbZz5KkobyFdM=",
        "owner": "numtide",
        "repo": "treefmt-nix",
        "rev": "49717b5af6f80172275d47a418c9719a31a78b53",
        "type": "github"
      },
      "original": {
        "owner": "numtide",
        "repo": "treefmt-nix",
        "type": "github"
      }
    },
    "vhs": {
      "inputs": {
        "nixpkgs": [
          "cowsay",
          "nixpkgs"
        ],
        "snowfall-lib": "snowfall-lib_2"
      },
      "locked": {
        "lastModified": 1692933636,
        "narHash": "sha256-ezJNTTH5ugu5+FVAVyJkO2C/Z+QHJUtj5hJRbapNjSs=",
        "owner": "snowfallorg",
        "repo": "vhs",
        "rev": "8203d902b4ba7e257ee8c5a89d1ed5ea62102af3",
        "type": "github"
      },
      "original": {
        "owner": "snowfallorg",
        "ref": "v1.0.0",
        "repo": "vhs",
        "type": "github"
      }
    },
    "xdph": {
      "inputs": {
        "hyprland-protocols": [
          "hyprland",
          "hyprland-protocols"
        ],
        "hyprlang": [
          "hyprland",
          "hyprlang"
        ],
        "hyprutils": [
          "hyprland",
          "hyprutils"
        ],
        "hyprwayland-scanner": [
          "hyprland",
          "hyprwayland-scanner"
        ],
        "nixpkgs": [
          "hyprland",
          "nixpkgs"
        ],
        "systems": [
          "hyprland",
          "systems"
        ]
      },
      "locked": {
        "lastModified": 1734907020,
        "narHash": "sha256-p6HxwpRKVl1KIiY5xrJdjcEeK3pbmc///UOyV6QER+w=",
        "owner": "hyprwm",
        "repo": "xdg-desktop-portal-hyprland",
        "rev": "d7f18dda5e511749fa1511185db3536208fb1a63",
        "type": "github"
      },
      "original": {
        "owner": "hyprwm",
        "repo": "xdg-desktop-portal-hyprland",
        "type": "github"
      }
    }
  },
  "root": "root",
  "version": 7
}
